// !$*UTF8*$!
{
	archiveVersion = 1;
	classes = {
	};
	objectVersion = 46;
	objects = {

/* Begin PBXBuildFile section */
		EF8174401FDAA28100482B06 /* MovieTableViewCell.swift in Sources */ = {isa = PBXBuildFile; fileRef = EF81743F1FDAA28100482B06 /* MovieTableViewCell.swift */; };
		EF8CBE3D1FE164D70067728E /* ProfileViewController.swift in Sources */ = {isa = PBXBuildFile; fileRef = EF8CBE3C1FE164D70067728E /* ProfileViewController.swift */; };
		EF9E49401FE7BAF5008D020C /* ImageViewController.swift in Sources */ = {isa = PBXBuildFile; fileRef = EF9E493F1FE7BAF5008D020C /* ImageViewController.swift */; };
		EFA979251FD9848600DF451E /* MoviesTableViewController.swift in Sources */ = {isa = PBXBuildFile; fileRef = EFA979241FD9848600DF451E /* MoviesTableViewController.swift */; };
		EFA979271FD988D600DF451E /* Movie.swift in Sources */ = {isa = PBXBuildFile; fileRef = EFA979261FD988D600DF451E /* Movie.swift */; };
		EFA979291FD988ED00DF451E /* MovieBook.swift in Sources */ = {isa = PBXBuildFile; fileRef = EFA979281FD988ED00DF451E /* MovieBook.swift */; };
		EFA9792F1FD9950200DF451E /* DetailViewController.swift in Sources */ = {isa = PBXBuildFile; fileRef = EFA9792E1FD9950200DF451E /* DetailViewController.swift */; };
		EFCA87E51FD8266A00FD28FD /* AppDelegate.swift in Sources */ = {isa = PBXBuildFile; fileRef = EFCA87E41FD8266A00FD28FD /* AppDelegate.swift */; };
		EFCA87E71FD8266A00FD28FD /* ViewController.swift in Sources */ = {isa = PBXBuildFile; fileRef = EFCA87E61FD8266A00FD28FD /* ViewController.swift */; };
		EFCA87EA1FD8266A00FD28FD /* Main.storyboard in Resources */ = {isa = PBXBuildFile; fileRef = EFCA87E81FD8266A00FD28FD /* Main.storyboard */; };
		EFCA87EC1FD8266A00FD28FD /* Assets.xcassets in Resources */ = {isa = PBXBuildFile; fileRef = EFCA87EB1FD8266A00FD28FD /* Assets.xcassets */; };
		EFCA87EF1FD8266A00FD28FD /* LaunchScreen.storyboard in Resources */ = {isa = PBXBuildFile; fileRef = EFCA87ED1FD8266A00FD28FD /* LaunchScreen.storyboard */; };
		EFCA87FA1FD8266A00FD28FD /* ProjectTests.swift in Sources */ = {isa = PBXBuildFile; fileRef = EFCA87F91FD8266A00FD28FD /* ProjectTests.swift */; };
		EFCA88051FD8266A00FD28FD /* ProjectUITests.swift in Sources */ = {isa = PBXBuildFile; fileRef = EFCA88041FD8266A00FD28FD /* ProjectUITests.swift */; };
/* End PBXBuildFile section */

/* Begin PBXContainerItemProxy section */
		EFCA87F61FD8266A00FD28FD /* PBXContainerItemProxy */ = {
			isa = PBXContainerItemProxy;
			containerPortal = EFCA87D91FD8266900FD28FD /* Project object */;
			proxyType = 1;
			remoteGlobalIDString = EFCA87E01FD8266A00FD28FD;
			remoteInfo = Project;
		};
		EFCA88011FD8266A00FD28FD /* PBXContainerItemProxy */ = {
			isa = PBXContainerItemProxy;
			containerPortal = EFCA87D91FD8266900FD28FD /* Project object */;
			proxyType = 1;
			remoteGlobalIDString = EFCA87E01FD8266A00FD28FD;
			remoteInfo = Project;
		};
/* End PBXContainerItemProxy section */

/* Begin PBXFileReference section */
		EF81743F1FDAA28100482B06 /* MovieTableViewCell.swift */ = {isa = PBXFileReference; lastKnownFileType = sourcecode.swift; path = MovieTableViewCell.swift; sourceTree = "<group>"; };
		EF8CBE3C1FE164D70067728E /* ProfileViewController.swift */ = {isa = PBXFileReference; lastKnownFileType = sourcecode.swift; path = ProfileViewController.swift; sourceTree = "<group>"; };
		EF9E493F1FE7BAF5008D020C /* ImageViewController.swift */ = {isa = PBXFileReference; lastKnownFileType = sourcecode.swift; path = ImageViewController.swift; sourceTree = "<group>"; };
		EFA979241FD9848600DF451E /* MoviesTableViewController.swift */ = {isa = PBXFileReference; lastKnownFileType = sourcecode.swift; path = MoviesTableViewController.swift; sourceTree = "<group>"; };
		EFA979261FD988D600DF451E /* Movie.swift */ = {isa = PBXFileReference; lastKnownFileType = sourcecode.swift; path = Movie.swift; sourceTree = "<group>"; };
		EFA979281FD988ED00DF451E /* MovieBook.swift */ = {isa = PBXFileReference; lastKnownFileType = sourcecode.swift; path = MovieBook.swift; sourceTree = "<group>"; };
		EFA9792E1FD9950200DF451E /* DetailViewController.swift */ = {isa = PBXFileReference; lastKnownFileType = sourcecode.swift; path = DetailViewController.swift; sourceTree = "<group>"; };
		EFCA87E11FD8266A00FD28FD /* Project.app */ = {isa = PBXFileReference; explicitFileType = wrapper.application; includeInIndex = 0; path = Project.app; sourceTree = BUILT_PRODUCTS_DIR; };
		EFCA87E41FD8266A00FD28FD /* AppDelegate.swift */ = {isa = PBXFileReference; lastKnownFileType = sourcecode.swift; path = AppDelegate.swift; sourceTree = "<group>"; };
		EFCA87E61FD8266A00FD28FD /* ViewController.swift */ = {isa = PBXFileReference; lastKnownFileType = sourcecode.swift; path = ViewController.swift; sourceTree = "<group>"; };
		EFCA87E91FD8266A00FD28FD /* Base */ = {isa = PBXFileReference; lastKnownFileType = file.storyboard; name = Base; path = Base.lproj/Main.storyboard; sourceTree = "<group>"; };
		EFCA87EB1FD8266A00FD28FD /* Assets.xcassets */ = {isa = PBXFileReference; lastKnownFileType = folder.assetcatalog; path = Assets.xcassets; sourceTree = "<group>"; };
		EFCA87EE1FD8266A00FD28FD /* Base */ = {isa = PBXFileReference; lastKnownFileType = file.storyboard; name = Base; path = Base.lproj/LaunchScreen.storyboard; sourceTree = "<group>"; };
		EFCA87F01FD8266A00FD28FD /* Info.plist */ = {isa = PBXFileReference; lastKnownFileType = text.plist.xml; path = Info.plist; sourceTree = "<group>"; };
		EFCA87F51FD8266A00FD28FD /* ProjectTests.xctest */ = {isa = PBXFileReference; explicitFileType = wrapper.cfbundle; includeInIndex = 0; path = ProjectTests.xctest; sourceTree = BUILT_PRODUCTS_DIR; };
		EFCA87F91FD8266A00FD28FD /* ProjectTests.swift */ = {isa = PBXFileReference; lastKnownFileType = sourcecode.swift; path = ProjectTests.swift; sourceTree = "<group>"; };
		EFCA87FB1FD8266A00FD28FD /* Info.plist */ = {isa = PBXFileReference; lastKnownFileType = text.plist.xml; path = Info.plist; sourceTree = "<group>"; };
		EFCA88001FD8266A00FD28FD /* ProjectUITests.xctest */ = {isa = PBXFileReference; explicitFileType = wrapper.cfbundle; includeInIndex = 0; path = ProjectUITests.xctest; sourceTree = BUILT_PRODUCTS_DIR; };
		EFCA88041FD8266A00FD28FD /* ProjectUITests.swift */ = {isa = PBXFileReference; lastKnownFileType = sourcecode.swift; path = ProjectUITests.swift; sourceTree = "<group>"; };
		EFCA88061FD8266A00FD28FD /* Info.plist */ = {isa = PBXFileReference; lastKnownFileType = text.plist.xml; path = Info.plist; sourceTree = "<group>"; };
/* End PBXFileReference section */

/* Begin PBXFrameworksBuildPhase section */
		EFCA87DE1FD8266A00FD28FD /* Frameworks */ = {
			isa = PBXFrameworksBuildPhase;
			buildActionMask = 2147483647;
			files = (
			);
			runOnlyForDeploymentPostprocessing = 0;
		};
		EFCA87F21FD8266A00FD28FD /* Frameworks */ = {
			isa = PBXFrameworksBuildPhase;
			buildActionMask = 2147483647;
			files = (
			);
			runOnlyForDeploymentPostprocessing = 0;
		};
		EFCA87FD1FD8266A00FD28FD /* Frameworks */ = {
			isa = PBXFrameworksBuildPhase;
			buildActionMask = 2147483647;
			files = (
			);
			runOnlyForDeploymentPostprocessing = 0;
		};
/* End PBXFrameworksBuildPhase section */

/* Begin PBXGroup section */
		EF8174381FDAA0A300482B06 /* Views */ = {
			isa = PBXGroup;
			children = (
				EF81743F1FDAA28100482B06 /* MovieTableViewCell.swift */,
				EF8CBE3C1FE164D70067728E /* ProfileViewController.swift */,
			);
			path = Views;
			sourceTree = "<group>";
		};
		EFA9792A1FD98CBB00DF451E /* Models */ = {
			isa = PBXGroup;
			children = (
				EFA979281FD988ED00DF451E /* MovieBook.swift */,
				EFA979261FD988D600DF451E /* Movie.swift */,
			);
			path = Models;
			sourceTree = "<group>";
		};
		EFA9792B1FD98CC800DF451E /* Controllers */ = {
			isa = PBXGroup;
			children = (
				EFCA87E61FD8266A00FD28FD /* ViewController.swift */,
				EFA979241FD9848600DF451E /* MoviesTableViewController.swift */,
				EFA9792E1FD9950200DF451E /* DetailViewController.swift */,
				EF9E493F1FE7BAF5008D020C /* ImageViewController.swift */,
			);
			path = Controllers;
			sourceTree = "<group>";
		};
		EFCA87D81FD8266900FD28FD = {
			isa = PBXGroup;
			children = (
				EFCA87E31FD8266A00FD28FD /* Project */,
				EFCA87F81FD8266A00FD28FD /* ProjectTests */,
				EFCA88031FD8266A00FD28FD /* ProjectUITests */,
				EFCA87E21FD8266A00FD28FD /* Products */,
			);
			sourceTree = "<group>";
		};
		EFCA87E21FD8266A00FD28FD /* Products */ = {
			isa = PBXGroup;
			children = (
				EFCA87E11FD8266A00FD28FD /* Project.app */,
				EFCA87F51FD8266A00FD28FD /* ProjectTests.xctest */,
				EFCA88001FD8266A00FD28FD /* ProjectUITests.xctest */,
			);
			name = Products;
			sourceTree = "<group>";
		};
		EFCA87E31FD8266A00FD28FD /* Project */ = {
			isa = PBXGroup;
			children = (
				EFCA87E41FD8266A00FD28FD /* AppDelegate.swift */,
				EF8174381FDAA0A300482B06 /* Views */,
				EFA9792B1FD98CC800DF451E /* Controllers */,
				EFA9792A1FD98CBB00DF451E /* Models */,
				EFCA87E81FD8266A00FD28FD /* Main.storyboard */,
				EFCA87EB1FD8266A00FD28FD /* Assets.xcassets */,
				EFCA87ED1FD8266A00FD28FD /* LaunchScreen.storyboard */,
				EFCA87F01FD8266A00FD28FD /* Info.plist */,
			);
			path = Project;
			sourceTree = "<group>";
		};
		EFCA87F81FD8266A00FD28FD /* ProjectTests */ = {
			isa = PBXGroup;
			children = (
				EFCA87F91FD8266A00FD28FD /* ProjectTests.swift */,
				EFCA87FB1FD8266A00FD28FD /* Info.plist */,
			);
			path = ProjectTests;
			sourceTree = "<group>";
		};
		EFCA88031FD8266A00FD28FD /* ProjectUITests */ = {
			isa = PBXGroup;
			children = (
				EFCA88041FD8266A00FD28FD /* ProjectUITests.swift */,
				EFCA88061FD8266A00FD28FD /* Info.plist */,
			);
			path = ProjectUITests;
			sourceTree = "<group>";
		};
/* End PBXGroup section */

/* Begin PBXNativeTarget section */
		EFCA87E01FD8266A00FD28FD /* Project */ = {
			isa = PBXNativeTarget;
			buildConfigurationList = EFCA88091FD8266A00FD28FD /* Build configuration list for PBXNativeTarget "Project" */;
			buildPhases = (
				EFCA87DD1FD8266A00FD28FD /* Sources */,
				EFCA87DE1FD8266A00FD28FD /* Frameworks */,
				EFCA87DF1FD8266A00FD28FD /* Resources */,
			);
			buildRules = (
			);
			dependencies = (
			);
			name = Project;
			productName = Project;
			productReference = EFCA87E11FD8266A00FD28FD /* Project.app */;
			productType = "com.apple.product-type.application";
		};
		EFCA87F41FD8266A00FD28FD /* ProjectTests */ = {
			isa = PBXNativeTarget;
			buildConfigurationList = EFCA880C1FD8266A00FD28FD /* Build configuration list for PBXNativeTarget "ProjectTests" */;
			buildPhases = (
				EFCA87F11FD8266A00FD28FD /* Sources */,
				EFCA87F21FD8266A00FD28FD /* Frameworks */,
				EFCA87F31FD8266A00FD28FD /* Resources */,
			);
			buildRules = (
			);
			dependencies = (
				EFCA87F71FD8266A00FD28FD /* PBXTargetDependency */,
			);
			name = ProjectTests;
			productName = ProjectTests;
			productReference = EFCA87F51FD8266A00FD28FD /* ProjectTests.xctest */;
			productType = "com.apple.product-type.bundle.unit-test";
		};
		EFCA87FF1FD8266A00FD28FD /* ProjectUITests */ = {
			isa = PBXNativeTarget;
			buildConfigurationList = EFCA880F1FD8266A00FD28FD /* Build configuration list for PBXNativeTarget "ProjectUITests" */;
			buildPhases = (
				EFCA87FC1FD8266A00FD28FD /* Sources */,
				EFCA87FD1FD8266A00FD28FD /* Frameworks */,
				EFCA87FE1FD8266A00FD28FD /* Resources */,
			);
			buildRules = (
			);
			dependencies = (
				EFCA88021FD8266A00FD28FD /* PBXTargetDependency */,
			);
			name = ProjectUITests;
			productName = ProjectUITests;
			productReference = EFCA88001FD8266A00FD28FD /* ProjectUITests.xctest */;
			productType = "com.apple.product-type.bundle.ui-testing";
		};
/* End PBXNativeTarget section */

/* Begin PBXProject section */
		EFCA87D91FD8266900FD28FD /* Project object */ = {
			isa = PBXProject;
			attributes = {
				LastSwiftUpdateCheck = 0830;
				LastUpgradeCheck = 0830;
				ORGANIZATIONNAME = "Thomas BERRANGER";
				TargetAttributes = {
					EFCA87E01FD8266A00FD28FD = {
						CreatedOnToolsVersion = 8.3.2;
						ProvisioningStyle = Automatic;
					};
					EFCA87F41FD8266A00FD28FD = {
						CreatedOnToolsVersion = 8.3.2;
						ProvisioningStyle = Automatic;
						TestTargetID = EFCA87E01FD8266A00FD28FD;
					};
					EFCA87FF1FD8266A00FD28FD = {
						CreatedOnToolsVersion = 8.3.2;
						ProvisioningStyle = Automatic;
						TestTargetID = EFCA87E01FD8266A00FD28FD;
					};
				};
			};
			buildConfigurationList = EFCA87DC1FD8266900FD28FD /* Build configuration list for PBXProject "Project" */;
			compatibilityVersion = "Xcode 3.2";
			developmentRegion = English;
			hasScannedForEncodings = 0;
			knownRegions = (
				en,
				Base,
			);
			mainGroup = EFCA87D81FD8266900FD28FD;
			productRefGroup = EFCA87E21FD8266A00FD28FD /* Products */;
			projectDirPath = "";
			projectRoot = "";
			targets = (
				EFCA87E01FD8266A00FD28FD /* Project */,
				EFCA87F41FD8266A00FD28FD /* ProjectTests */,
				EFCA87FF1FD8266A00FD28FD /* ProjectUITests */,
			);
		};
/* End PBXProject section */

/* Begin PBXResourcesBuildPhase section */
		EFCA87DF1FD8266A00FD28FD /* Resources */ = {
			isa = PBXResourcesBuildPhase;
			buildActionMask = 2147483647;
			files = (
				EFCA87EF1FD8266A00FD28FD /* LaunchScreen.storyboard in Resources */,
				EFCA87EC1FD8266A00FD28FD /* Assets.xcassets in Resources */,
				EFCA87EA1FD8266A00FD28FD /* Main.storyboard in Resources */,
			);
			runOnlyForDeploymentPostprocessing = 0;
		};
		EFCA87F31FD8266A00FD28FD /* Resources */ = {
			isa = PBXResourcesBuildPhase;
			buildActionMask = 2147483647;
			files = (
			);
			runOnlyForDeploymentPostprocessing = 0;
		};
		EFCA87FE1FD8266A00FD28FD /* Resources */ = {
			isa = PBXResourcesBuildPhase;
			buildActionMask = 2147483647;
			files = (
			);
			runOnlyForDeploymentPostprocessing = 0;
		};
/* End PBXResourcesBuildPhase section */

/* Begin PBXSourcesBuildPhase section */
		EFCA87DD1FD8266A00FD28FD /* Sources */ = {
			isa = PBXSourcesBuildPhase;
			buildActionMask = 2147483647;
			files = (
				EFA979251FD9848600DF451E /* MoviesTableViewController.swift in Sources */,
				EF9E49401FE7BAF5008D020C /* ImageViewController.swift in Sources */,
				EFCA87E71FD8266A00FD28FD /* ViewController.swift in Sources */,
				EF8174401FDAA28100482B06 /* MovieTableViewCell.swift in Sources */,
				EFA979291FD988ED00DF451E /* MovieBook.swift in Sources */,
				EFA9792F1FD9950200DF451E /* DetailViewController.swift in Sources */,
				EFA979271FD988D600DF451E /* Movie.swift in Sources */,
				EF8CBE3D1FE164D70067728E /* ProfileViewController.swift in Sources */,
				EFCA87E51FD8266A00FD28FD /* AppDelegate.swift in Sources */,
			);
			runOnlyForDeploymentPostprocessing = 0;
		};
		EFCA87F11FD8266A00FD28FD /* Sources */ = {
			isa = PBXSourcesBuildPhase;
			buildActionMask = 2147483647;
			files = (
				EFCA87FA1FD8266A00FD28FD /* ProjectTests.swift in Sources */,
			);
			runOnlyForDeploymentPostprocessing = 0;
		};
		EFCA87FC1FD8266A00FD28FD /* Sources */ = {
			isa = PBXSourcesBuildPhase;
			buildActionMask = 2147483647;
			files = (
				EFCA88051FD8266A00FD28FD /* ProjectUITests.swift in Sources */,
			);
			runOnlyForDeploymentPostprocessing = 0;
		};
/* End PBXSourcesBuildPhase section */

/* Begin PBXTargetDependency section */
		EFCA87F71FD8266A00FD28FD /* PBXTargetDependency */ = {
			isa = PBXTargetDependency;
			target = EFCA87E01FD8266A00FD28FD /* Project */;
			targetProxy = EFCA87F61FD8266A00FD28FD /* PBXContainerItemProxy */;
		};
		EFCA88021FD8266A00FD28FD /* PBXTargetDependency */ = {
			isa = PBXTargetDependency;
			target = EFCA87E01FD8266A00FD28FD /* Project */;
			targetProxy = EFCA88011FD8266A00FD28FD /* PBXContainerItemProxy */;
		};
/* End PBXTargetDependency section */

/* Begin PBXVariantGroup section */
		EFCA87E81FD8266A00FD28FD /* Main.storyboard */ = {
			isa = PBXVariantGroup;
			children = (
				EFCA87E91FD8266A00FD28FD /* Base */,
			);
			name = Main.storyboard;
			sourceTree = "<group>";
		};
		EFCA87ED1FD8266A00FD28FD /* LaunchScreen.storyboard */ = {
			isa = PBXVariantGroup;
			children = (
				EFCA87EE1FD8266A00FD28FD /* Base */,
			);
			name = LaunchScreen.storyboard;
			sourceTree = "<group>";
		};
/* End PBXVariantGroup section */

/* Begin XCBuildConfiguration section */
		EFCA88071FD8266A00FD28FD /* Debug */ = {
			isa = XCBuildConfiguration;
			buildSettings = {
				ALWAYS_SEARCH_USER_PATHS = NO;
				CLANG_ANALYZER_NONNULL = YES;
				CLANG_ANALYZER_NUMBER_OBJECT_CONVERSION = YES_AGGRESSIVE;
				CLANG_CXX_LANGUAGE_STANDARD = "gnu++0x";
				CLANG_CXX_LIBRARY = "libc++";
				CLANG_ENABLE_MODULES = YES;
				CLANG_ENABLE_OBJC_ARC = YES;
				CLANG_WARN_BOOL_CONVERSION = YES;
				CLANG_WARN_CONSTANT_CONVERSION = YES;
				CLANG_WARN_DIRECT_OBJC_ISA_USAGE = YES_ERROR;
				CLANG_WARN_DOCUMENTATION_COMMENTS = YES;
				CLANG_WARN_EMPTY_BODY = YES;
				CLANG_WARN_ENUM_CONVERSION = YES;
				CLANG_WARN_INFINITE_RECURSION = YES;
				CLANG_WARN_INT_CONVERSION = YES;
				CLANG_WARN_OBJC_ROOT_CLASS = YES_ERROR;
				CLANG_WARN_SUSPICIOUS_MOVE = YES;
				CLANG_WARN_UNREACHABLE_CODE = YES;
				CLANG_WARN__DUPLICATE_METHOD_MATCH = YES;
				"CODE_SIGN_IDENTITY[sdk=iphoneos*]" = "iPhone Developer";
				COPY_PHASE_STRIP = NO;
				DEBUG_INFORMATION_FORMAT = dwarf;
				ENABLE_STRICT_OBJC_MSGSEND = YES;
				ENABLE_TESTABILITY = YES;
				GCC_C_LANGUAGE_STANDARD = gnu99;
				GCC_DYNAMIC_NO_PIC = NO;
				GCC_NO_COMMON_BLOCKS = YES;
				GCC_OPTIMIZATION_LEVEL = 0;
				GCC_PREPROCESSOR_DEFINITIONS = (
					"DEBUG=1",
					"$(inherited)",
				);
				GCC_WARN_64_TO_32_BIT_CONVERSION = YES;
				GCC_WARN_ABOUT_RETURN_TYPE = YES_ERROR;
				GCC_WARN_UNDECLARED_SELECTOR = YES;
				GCC_WARN_UNINITIALIZED_AUTOS = YES_AGGRESSIVE;
				GCC_WARN_UNUSED_FUNCTION = YES;
				GCC_WARN_UNUSED_VARIABLE = YES;
				IPHONEOS_DEPLOYMENT_TARGET = 10.3;
				MTL_ENABLE_DEBUG_INFO = YES;
				ONLY_ACTIVE_ARCH = YES;
				SDKROOT = iphoneos;
				SWIFT_ACTIVE_COMPILATION_CONDITIONS = DEBUG;
				SWIFT_OPTIMIZATION_LEVEL = "-Onone";
				TARGETED_DEVICE_FAMILY = "1,2";
			};
			name = Debug;
		};
		EFCA88081FD8266A00FD28FD /* Release */ = {
			isa = XCBuildConfiguration;
			buildSettings = {
				ALWAYS_SEARCH_USER_PATHS = NO;
				CLANG_ANALYZER_NONNULL = YES;
				CLANG_ANALYZER_NUMBER_OBJECT_CONVERSION = YES_AGGRESSIVE;
				CLANG_CXX_LANGUAGE_STANDARD = "gnu++0x";
				CLANG_CXX_LIBRARY = "libc++";
				CLANG_ENABLE_MODULES = YES;
				CLANG_ENABLE_OBJC_ARC = YES;
				CLANG_WARN_BOOL_CONVERSION = YES;
				CLANG_WARN_CONSTANT_CONVERSION = YES;
				CLANG_WARN_DIRECT_OBJC_ISA_USAGE = YES_ERROR;
				CLANG_WARN_DOCUMENTATION_COMMENTS = YES;
				CLANG_WARN_EMPTY_BODY = YES;
				CLANG_WARN_ENUM_CONVERSION = YES;
				CLANG_WARN_INFINITE_RECURSION = YES;
				CLANG_WARN_INT_CONVERSION = YES;
				CLANG_WARN_OBJC_ROOT_CLASS = YES_ERROR;
				CLANG_WARN_SUSPICIOUS_MOVE = YES;
				CLANG_WARN_UNREACHABLE_CODE = YES;
				CLANG_WARN__DUPLICATE_METHOD_MATCH = YES;
				"CODE_SIGN_IDENTITY[sdk=iphoneos*]" = "iPhone Developer";
				COPY_PHASE_STRIP = NO;
				DEBUG_INFORMATION_FORMAT = "dwarf-with-dsym";
				ENABLE_NS_ASSERTIONS = NO;
				ENABLE_STRICT_OBJC_MSGSEND = YES;
				GCC_C_LANGUAGE_STANDARD = gnu99;
				GCC_NO_COMMON_BLOCKS = YES;
				GCC_WARN_64_TO_32_BIT_CONVERSION = YES;
				GCC_WARN_ABOUT_RETURN_TYPE = YES_ERROR;
				GCC_WARN_UNDECLARED_SELECTOR = YES;
				GCC_WARN_UNINITIALIZED_AUTOS = YES_AGGRESSIVE;
				GCC_WARN_UNUSED_FUNCTION = YES;
				GCC_WARN_UNUSED_VARIABLE = YES;
				IPHONEOS_DEPLOYMENT_TARGET = 10.3;
				MTL_ENABLE_DEBUG_INFO = NO;
				SDKROOT = iphoneos;
				SWIFT_OPTIMIZATION_LEVEL = "-Owholemodule";
				TARGETED_DEVICE_FAMILY = "1,2";
				VALIDATE_PRODUCT = YES;
			};
			name = Release;
		};
		EFCA880A1FD8266A00FD28FD /* Debug */ = {
			isa = XCBuildConfiguration;
			buildSettings = {
				ASSETCATALOG_COMPILER_APPICON_NAME = AppIcon;
				INFOPLIST_FILE = Project/Info.plist;
				LD_RUNPATH_SEARCH_PATHS = "$(inherited) @executable_path/Frameworks";
				PRODUCT_BUNDLE_IDENTIFIER = com.Project;
				PRODUCT_NAME = "$(TARGET_NAME)";
				SWIFT_VERSION = 3.0;
			};
			name = Debug;
		};
		EFCA880B1FD8266A00FD28FD /* Release */ = {
			isa = XCBuildConfiguration;
			buildSettings = {
				ASSETCATALOG_COMPILER_APPICON_NAME = AppIcon;
				INFOPLIST_FILE = Project/Info.plist;
				LD_RUNPATH_SEARCH_PATHS = "$(inherited) @executable_path/Frameworks";
				PRODUCT_BUNDLE_IDENTIFIER = com.Project;
				PRODUCT_NAME = "$(TARGET_NAME)";
				SWIFT_VERSION = 3.0;
			};
			name = Release;
		};
		EFCA880D1FD8266A00FD28FD /* Debug */ = {
			isa = XCBuildConfiguration;
			buildSettings = {
				ALWAYS_EMBED_SWIFT_STANDARD_LIBRARIES = YES;
				BUNDLE_LOADER = "$(TEST_HOST)";
				INFOPLIST_FILE = ProjectTests/Info.plist;
				LD_RUNPATH_SEARCH_PATHS = "$(inherited) @executable_path/Frameworks @loader_path/Frameworks";
				PRODUCT_BUNDLE_IDENTIFIER = com.ProjectTests;
				PRODUCT_NAME = "$(TARGET_NAME)";
				SWIFT_VERSION = 3.0;
				TEST_HOST = "$(BUILT_PRODUCTS_DIR)/Project.app/Project";
			};
			name = Debug;
		};
		EFCA880E1FD8266A00FD28FD /* Release */ = {
			isa = XCBuildConfiguration;
			buildSettings = {
				ALWAYS_EMBED_SWIFT_STANDARD_LIBRARIES = YES;
				BUNDLE_LOADER = "$(TEST_HOST)";
				INFOPLIST_FILE = ProjectTests/Info.plist;
				LD_RUNPATH_SEARCH_PATHS = "$(inherited) @executable_path/Frameworks @loader_path/Frameworks";
				PRODUCT_BUNDLE_IDENTIFIER = com.ProjectTests;
				PRODUCT_NAME = "$(TARGET_NAME)";
				SWIFT_VERSION = 3.0;
				TEST_HOST = "$(BUILT_PRODUCTS_DIR)/Project.app/Project";
			};
			name = Release;
		};
		EFCA88101FD8266A00FD28FD /* Debug */ = {
			isa = XCBuildConfiguration;
			buildSettings = {
				ALWAYS_EMBED_SWIFT_STANDARD_LIBRARIES = YES;
				INFOPLIST_FILE = ProjectUITests/Info.plist;
				LD_RUNPATH_SEARCH_PATHS = "$(inherited) @executable_path/Frameworks @loader_path/Frameworks";
				PRODUCT_BUNDLE_IDENTIFIER = com.ProjectUITests;
				PRODUCT_NAME = "$(TARGET_NAME)";
				SWIFT_VERSION = 3.0;
				TEST_TARGET_NAME = Project;
			};
			name = Debug;
		};
		EFCA88111FD8266A00FD28FD /* Release */ = {
			isa = XCBuildConfiguration;
			buildSettings = {
				ALWAYS_EMBED_SWIFT_STANDARD_LIBRARIES = YES;
				INFOPLIST_FILE = ProjectUITests/Info.plist;
				LD_RUNPATH_SEARCH_PATHS = "$(inherited) @executable_path/Frameworks @loader_path/Frameworks";
				PRODUCT_BUNDLE_IDENTIFIER = com.ProjectUITests;
				PRODUCT_NAME = "$(TARGET_NAME)";
				SWIFT_VERSION = 3.0;
				TEST_TARGET_NAME = Project;
			};
			name = Release;
		};
/* End XCBuildConfiguration section */

/* Begin XCConfigurationList section */
		EFCA87DC1FD8266900FD28FD /* Build configuration list for PBXProject "Project" */ = {
			isa = XCConfigurationList;
			buildConfigurations = (
				EFCA88071FD8266A00FD28FD /* Debug */,
				EFCA88081FD8266A00FD28FD /* Release */,
			);
			defaultConfigurationIsVisible = 0;
			defaultConfigurationName = Release;
		};
		EFCA88091FD8266A00FD28FD /* Build configuration list for PBXNativeTarget "Project" */ = {
			isa = XCConfigurationList;
			buildConfigurations = (
				EFCA880A1FD8266A00FD28FD /* Debug */,
				EFCA880B1FD8266A00FD28FD /* Release */,
			);
			defaultConfigurationIsVisible = 0;
			defaultConfigurationName = Release;
		};
		EFCA880C1FD8266A00FD28FD /* Build configuration list for PBXNativeTarget "ProjectTests" */ = {
			isa = XCConfigurationList;
			buildConfigurations = (
				EFCA880D1FD8266A00FD28FD /* Debug */,
				EFCA880E1FD8266A00FD28FD /* Release */,
			);
			defaultConfigurationIsVisible = 0;
			defaultConfigurationName = Release;
		};
		EFCA880F1FD8266A00FD28FD /* Build configuration list for PBXNativeTarget "ProjectUITests" */ = {
			isa = XCConfigurationList;
			buildConfigurations = (
				EFCA88101FD8266A00FD28FD /* Debug */,
				EFCA88111FD8266A00FD28FD /* Release */,
			);
			defaultConfigurationIsVisible = 0;
			defaultConfigurationName = Release;
		};
/* End XCConfigurationList section */
	};
	rootObject = EFCA87D91FD8266900FD28FD /* Project object */;
}
